
Microsoft Visual Studio Solution File, Format Version 12.00
# Visual Studio 15
VisualStudioVersion = 15.0.27703.2035
MinimumVisualStudioVersion = 10.0.40219.1
Project("{FAE04EC0-301F-11D3-BF4B-00C04F79EFBC}") = "Zilezadatak12", "Zilezadatak12.csproj", "{64E7F8ED-5AF9-477C-A3B0-5F7DD37436A7}"
EndProject
Global
	GlobalSection(SolutionConfigurationPlatforms) = preSolution
		Debug|Any CPU = Debug|Any CPU
		Release|Any CPU = Release|Any CPU
	EndGlobalSection
	GlobalSection(ProjectConfigurationPlatforms) = postSolution
		{64E7F8ED-5AF9-477C-A3B0-5F7DD37436A7}.Debug|Any CPU.ActiveCfg = Debug|Any CPU
		{64E7F8ED-5AF9-477C-A3B0-5F7DD37436A7}.Debug|Any CPU.Build.0 = Debug|Any CPU
		{64E7F8ED-5AF9-477C-A3B0-5F7DD37436A7}.Release|Any CPU.ActiveCfg = Release|Any CPU
		{64E7F8ED-5AF9-477C-A3B0-5F7DD37436A7}.Release|Any CPU.Build.0 = Release|Any CPU
	EndGlobalSection
	GlobalSection(SolutionProperties) = preSolution
		HideSolutionNode = FALSE
	EndGlobalSection
	GlobalSection(ExtensibilityGlobals) = postSolution
		SolutionGuid = {D2AD2925-D9D9-4807-8D81-C53DAD24593F}
	EndGlobalSection
EndGlobal
