
Microsoft Visual Studio Solution File, Format Version 12.00
# Visual Studio 15
VisualStudioVersion = 15.0.27703.2035
MinimumVisualStudioVersion = 10.0.40219.1
Project("{FAE04EC0-301F-11D3-BF4B-00C04F79EFBC}") = "metodezad7", "metodezad7.csproj", "{1DA73A35-DAE1-4AD6-8D51-7BF63FED4DCF}"
EndProject
Global
	GlobalSection(SolutionConfigurationPlatforms) = preSolution
		Debug|Any CPU = Debug|Any CPU
		Release|Any CPU = Release|Any CPU
	EndGlobalSection
	GlobalSection(ProjectConfigurationPlatforms) = postSolution
		{1DA73A35-DAE1-4AD6-8D51-7BF63FED4DCF}.Debug|Any CPU.ActiveCfg = Debug|Any CPU
		{1DA73A35-DAE1-4AD6-8D51-7BF63FED4DCF}.Debug|Any CPU.Build.0 = Debug|Any CPU
		{1DA73A35-DAE1-4AD6-8D51-7BF63FED4DCF}.Release|Any CPU.ActiveCfg = Release|Any CPU
		{1DA73A35-DAE1-4AD6-8D51-7BF63FED4DCF}.Release|Any CPU.Build.0 = Release|Any CPU
	EndGlobalSection
	GlobalSection(SolutionProperties) = preSolution
		HideSolutionNode = FALSE
	EndGlobalSection
	GlobalSection(ExtensibilityGlobals) = postSolution
		SolutionGuid = {8021C091-5D46-486E-85C9-97ADFAC3ACD2}
	EndGlobalSection
EndGlobal
