
Microsoft Visual Studio Solution File, Format Version 12.00
# Visual Studio 15
VisualStudioVersion = 15.0.27703.2035
MinimumVisualStudioVersion = 10.0.40219.1
Project("{FAE04EC0-301F-11D3-BF4B-00C04F79EFBC}") = "Zilezadatak8", "Zilezadatak8.csproj", "{0BB76111-F489-4646-82BC-43612AAE751F}"
EndProject
Global
	GlobalSection(SolutionConfigurationPlatforms) = preSolution
		Debug|Any CPU = Debug|Any CPU
		Release|Any CPU = Release|Any CPU
	EndGlobalSection
	GlobalSection(ProjectConfigurationPlatforms) = postSolution
		{0BB76111-F489-4646-82BC-43612AAE751F}.Debug|Any CPU.ActiveCfg = Debug|Any CPU
		{0BB76111-F489-4646-82BC-43612AAE751F}.Debug|Any CPU.Build.0 = Debug|Any CPU
		{0BB76111-F489-4646-82BC-43612AAE751F}.Release|Any CPU.ActiveCfg = Release|Any CPU
		{0BB76111-F489-4646-82BC-43612AAE751F}.Release|Any CPU.Build.0 = Release|Any CPU
	EndGlobalSection
	GlobalSection(SolutionProperties) = preSolution
		HideSolutionNode = FALSE
	EndGlobalSection
	GlobalSection(ExtensibilityGlobals) = postSolution
		SolutionGuid = {8AA5CA7A-2E08-4CE9-9125-327BC18214CF}
	EndGlobalSection
EndGlobal
