
Microsoft Visual Studio Solution File, Format Version 12.00
# Visual Studio 15
VisualStudioVersion = 15.0.27703.2035
MinimumVisualStudioVersion = 10.0.40219.1
Project("{FAE04EC0-301F-11D3-BF4B-00C04F79EFBC}") = "Test2", "Test2.csproj", "{BDD4D295-BBB3-49FD-9313-42C246E1D0D9}"
EndProject
Global
	GlobalSection(SolutionConfigurationPlatforms) = preSolution
		Debug|Any CPU = Debug|Any CPU
		Release|Any CPU = Release|Any CPU
	EndGlobalSection
	GlobalSection(ProjectConfigurationPlatforms) = postSolution
		{BDD4D295-BBB3-49FD-9313-42C246E1D0D9}.Debug|Any CPU.ActiveCfg = Debug|Any CPU
		{BDD4D295-BBB3-49FD-9313-42C246E1D0D9}.Debug|Any CPU.Build.0 = Debug|Any CPU
		{BDD4D295-BBB3-49FD-9313-42C246E1D0D9}.Release|Any CPU.ActiveCfg = Release|Any CPU
		{BDD4D295-BBB3-49FD-9313-42C246E1D0D9}.Release|Any CPU.Build.0 = Release|Any CPU
	EndGlobalSection
	GlobalSection(SolutionProperties) = preSolution
		HideSolutionNode = FALSE
	EndGlobalSection
	GlobalSection(ExtensibilityGlobals) = postSolution
		SolutionGuid = {50E639BA-FDF7-433E-8571-F9C19DEB4E3A}
	EndGlobalSection
EndGlobal
